// !$*UTF8*$!
{
	archiveVersion = 1;
	classes = {
	};
	objectVersion = 48;
	objects = {

/* Begin PBXBuildFile section */
		65B2CCA6200D982000A47A06 /* AppDelegate.swift in Sources */ = {isa = PBXBuildFile; fileRef = 65B2CCA5200D982000A47A06 /* AppDelegate.swift */; };
		65B2CCA8200D982000A47A06 /* TasksViewController.swift in Sources */ = {isa = PBXBuildFile; fileRef = 65B2CCA7200D982000A47A06 /* TasksViewController.swift */; };
		65B2CCAB200D982000A47A06 /* Main.storyboard in Resources */ = {isa = PBXBuildFile; fileRef = 65B2CCA9200D982000A47A06 /* Main.storyboard */; };
		65B2CCAE200D982000A47A06 /* completeIt.xcdatamodeld in Sources */ = {isa = PBXBuildFile; fileRef = 65B2CCAC200D982000A47A06 /* completeIt.xcdatamodeld */; };
		65B2CCB0200D982000A47A06 /* Assets.xcassets in Resources */ = {isa = PBXBuildFile; fileRef = 65B2CCAF200D982000A47A06 /* Assets.xcassets */; };
		65B2CCB3200D982000A47A06 /* LaunchScreen.storyboard in Resources */ = {isa = PBXBuildFile; fileRef = 65B2CCB1200D982000A47A06 /* LaunchScreen.storyboard */; };
		65B2CCBF200E5A6900A47A06 /* CreateTaskViewController.swift in Sources */ = {isa = PBXBuildFile; fileRef = 65B2CCBE200E5A6900A47A06 /* CreateTaskViewController.swift */; };
		65B2CCC1200E702600A47A06 /* CompleteTaskViewController.swift in Sources */ = {isa = PBXBuildFile; fileRef = 65B2CCC0200E702600A47A06 /* CompleteTaskViewController.swift */; };
/* End PBXBuildFile section */

/* Begin PBXFileReference section */
		65B2CCA2200D982000A47A06 /* completeIt.app */ = {isa = PBXFileReference; explicitFileType = wrapper.application; includeInIndex = 0; path = completeIt.app; sourceTree = BUILT_PRODUCTS_DIR; };
		65B2CCA5200D982000A47A06 /* AppDelegate.swift */ = {isa = PBXFileReference; lastKnownFileType = sourcecode.swift; path = AppDelegate.swift; sourceTree = "<group>"; };
		65B2CCA7200D982000A47A06 /* TasksViewController.swift */ = {isa = PBXFileReference; lastKnownFileType = sourcecode.swift; path = TasksViewController.swift; sourceTree = "<group>"; };
		65B2CCAA200D982000A47A06 /* Base */ = {isa = PBXFileReference; lastKnownFileType = file.storyboard; name = Base; path = Base.lproj/Main.storyboard; sourceTree = "<group>"; };
		65B2CCAD200D982000A47A06 /* completeIt.xcdatamodel */ = {isa = PBXFileReference; lastKnownFileType = wrapper.xcdatamodel; path = completeIt.xcdatamodel; sourceTree = "<group>"; };
		65B2CCAF200D982000A47A06 /* Assets.xcassets */ = {isa = PBXFileReference; lastKnownFileType = folder.assetcatalog; path = Assets.xcassets; sourceTree = "<group>"; };
		65B2CCB2200D982000A47A06 /* Base */ = {isa = PBXFileReference; lastKnownFileType = file.storyboard; name = Base; path = Base.lproj/LaunchScreen.storyboard; sourceTree = "<group>"; };
		65B2CCB4200D982000A47A06 /* Info.plist */ = {isa = PBXFileReference; lastKnownFileType = text.plist.xml; path = Info.plist; sourceTree = "<group>"; };
		65B2CCBE200E5A6900A47A06 /* CreateTaskViewController.swift */ = {isa = PBXFileReference; lastKnownFileType = sourcecode.swift; path = CreateTaskViewController.swift; sourceTree = "<group>"; };
		65B2CCC0200E702600A47A06 /* CompleteTaskViewController.swift */ = {isa = PBXFileReference; lastKnownFileType = sourcecode.swift; path = CompleteTaskViewController.swift; sourceTree = "<group>"; };
/* End PBXFileReference section */

/* Begin PBXFrameworksBuildPhase section */
		65B2CC9F200D982000A47A06 /* Frameworks */ = {
			isa = PBXFrameworksBuildPhase;
			buildActionMask = 2147483647;
			files = (
			);
			runOnlyForDeploymentPostprocessing = 0;
		};
/* End PBXFrameworksBuildPhase section */

/* Begin PBXGroup section */
		65B2CC99200D982000A47A06 = {
			isa = PBXGroup;
			children = (
				65B2CCA4200D982000A47A06 /* completeIt */,
				65B2CCA3200D982000A47A06 /* Products */,
			);
			sourceTree = "<group>";
		};
		65B2CCA3200D982000A47A06 /* Products */ = {
			isa = PBXGroup;
			children = (
				65B2CCA2200D982000A47A06 /* completeIt.app */,
			);
			name = Products;
			sourceTree = "<group>";
		};
		65B2CCA4200D982000A47A06 /* completeIt */ = {
			isa = PBXGroup;
			children = (
				65B2CCA5200D982000A47A06 /* AppDelegate.swift */,
				65B2CCA7200D982000A47A06 /* TasksViewController.swift */,
				65B2CCBE200E5A6900A47A06 /* CreateTaskViewController.swift */,
				65B2CCC0200E702600A47A06 /* CompleteTaskViewController.swift */,
				65B2CCA9200D982000A47A06 /* Main.storyboard */,
				65B2CCAF200D982000A47A06 /* Assets.xcassets */,
				65B2CCB1200D982000A47A06 /* LaunchScreen.storyboard */,
				65B2CCB4200D982000A47A06 /* Info.plist */,
				65B2CCAC200D982000A47A06 /* completeIt.xcdatamodeld */,
			);
			path = completeIt;
			sourceTree = "<group>";
		};
/* End PBXGroup section */

/* Begin PBXNativeTarget section */
		65B2CCA1200D982000A47A06 /* completeIt */ = {
			isa = PBXNativeTarget;
			buildConfigurationList = 65B2CCB7200D982000A47A06 /* Build configuration list for PBXNativeTarget "completeIt" */;
			buildPhases = (
				65B2CC9E200D982000A47A06 /* Sources */,
				65B2CC9F200D982000A47A06 /* Frameworks */,
				65B2CCA0200D982000A47A06 /* Resources */,
			);
			buildRules = (
			);
			dependencies = (
			);
			name = completeIt;
			productName = completeIt;
			productReference = 65B2CCA2200D982000A47A06 /* completeIt.app */;
			productType = "com.apple.product-type.application";
		};
/* End PBXNativeTarget section */

/* Begin PBXProject section */
		65B2CC9A200D982000A47A06 /* Project object */ = {
			isa = PBXProject;
			attributes = {
				LastSwiftUpdateCheck = 0920;
				LastUpgradeCheck = 0920;
				ORGANIZATIONNAME = "Daniel Debner";
				TargetAttributes = {
					65B2CCA1200D982000A47A06 = {
						CreatedOnToolsVersion = 9.2;
						ProvisioningStyle = Automatic;
					};
				};
			};
			buildConfigurationList = 65B2CC9D200D982000A47A06 /* Build configuration list for PBXProject "completeIt" */;
			compatibilityVersion = "Xcode 8.0";
			developmentRegion = en;
			hasScannedForEncodings = 0;
			knownRegions = (
				en,
				Base,
			);
			mainGroup = 65B2CC99200D982000A47A06;
			productRefGroup = 65B2CCA3200D982000A47A06 /* Products */;
			projectDirPath = "";
			projectRoot = "";
			targets = (
				65B2CCA1200D982000A47A06 /* completeIt */,
			);
		};
/* End PBXProject section */

/* Begin PBXResourcesBuildPhase section */
		65B2CCA0200D982000A47A06 /* Resources */ = {
			isa = PBXResourcesBuildPhase;
			buildActionMask = 2147483647;
			files = (
				65B2CCB3200D982000A47A06 /* LaunchScreen.storyboard in Resources */,
				65B2CCB0200D982000A47A06 /* Assets.xcassets in Resources */,
				65B2CCAB200D982000A47A06 /* Main.storyboard in Resources */,
			);
			runOnlyForDeploymentPostprocessing = 0;
		};
/* End PBXResourcesBuildPhase section */

/* Begin PBXSourcesBuildPhase section */
		65B2CC9E200D982000A47A06 /* Sources */ = {
			isa = PBXSourcesBuildPhase;
			buildActionMask = 2147483647;
			files = (
				65B2CCA8200D982000A47A06 /* TasksViewController.swift in Sources */,
				65B2CCC1200E702600A47A06 /* CompleteTaskViewController.swift in Sources */,
				65B2CCAE200D982000A47A06 /* completeIt.xcdatamodeld in Sources */,
				65B2CCA6200D982000A47A06 /* AppDelegate.swift in Sources */,
				65B2CCBF200E5A6900A47A06 /* CreateTaskViewController.swift in Sources */,
			);
			runOnlyForDeploymentPostprocessing = 0;
		};
/* End PBXSourcesBuildPhase section */

/* Begin PBXVariantGroup section */
		65B2CCA9200D982000A47A06 /* Main.storyboard */ = {
			isa = PBXVariantGroup;
			children = (
				65B2CCAA200D982000A47A06 /* Base */,
			);
			name = Main.storyboard;
			sourceTree = "<group>";
		};
		65B2CCB1200D982000A47A06 /* LaunchScreen.storyboard */ = {
			isa = PBXVariantGroup;
			children = (
				65B2CCB2200D982000A47A06 /* Base */,
			);
			name = LaunchScreen.storyboard;
			sourceTree = "<group>";
		};
/* End PBXVariantGroup section */

/* Begin XCBuildConfiguration section */
		65B2CCB5200D982000A47A06 /* Debug */ = {
			isa = XCBuildConfiguration;
			buildSettings = {
				ALWAYS_SEARCH_USER_PATHS = NO;
				CLANG_ANALYZER_NONNULL = YES;
				CLANG_ANALYZER_NUMBER_OBJECT_CONVERSION = YES_AGGRESSIVE;
				CLANG_CXX_LANGUAGE_STANDARD = "gnu++14";
				CLANG_CXX_LIBRARY = "libc++";
				CLANG_ENABLE_MODULES = YES;
				CLANG_ENABLE_OBJC_ARC = YES;
				CLANG_WARN_BLOCK_CAPTURE_AUTORELEASING = YES;
				CLANG_WARN_BOOL_CONVERSION = YES;
				CLANG_WARN_COMMA = YES;
				CLANG_WARN_CONSTANT_CONVERSION = YES;
				CLANG_WARN_DIRECT_OBJC_ISA_USAGE = YES_ERROR;
				CLANG_WARN_DOCUMENTATION_COMMENTS = YES;
				CLANG_WARN_EMPTY_BODY = YES;
				CLANG_WARN_ENUM_CONVERSION = YES;
				CLANG_WARN_INFINITE_RECURSION = YES;
				CLANG_WARN_INT_CONVERSION = YES;
				CLANG_WARN_NON_LITERAL_NULL_CONVERSION = YES;
				CLANG_WARN_OBJC_LITERAL_CONVERSION = YES;
				CLANG_WARN_OBJC_ROOT_CLASS = YES_ERROR;
				CLANG_WARN_RANGE_LOOP_ANALYSIS = YES;
				CLANG_WARN_STRICT_PROTOTYPES = YES;
				CLANG_WARN_SUSPICIOUS_MOVE = YES;
				CLANG_WARN_UNGUARDED_AVAILABILITY = YES_AGGRESSIVE;
				CLANG_WARN_UNREACHABLE_CODE = YES;
				CLANG_WARN__DUPLICATE_METHOD_MATCH = YES;
				CODE_SIGN_IDENTITY = "iPhone Developer";
				COPY_PHASE_STRIP = NO;
				DEBUG_INFORMATION_FORMAT = dwarf;
				ENABLE_STRICT_OBJC_MSGSEND = YES;
				ENABLE_TESTABILITY = YES;
				GCC_C_LANGUAGE_STANDARD = gnu11;
				GCC_DYNAMIC_NO_PIC = NO;
				GCC_NO_COMMON_BLOCKS = YES;
				GCC_OPTIMIZATION_LEVEL = 0;
				GCC_PREPROCESSOR_DEFINITIONS = (
					"DEBUG=1",
					"$(inherited)",
				);
				GCC_WARN_64_TO_32_BIT_CONVERSION = YES;
				GCC_WARN_ABOUT_RETURN_TYPE = YES_ERROR;
				GCC_WARN_UNDECLARED_SELECTOR = YES;
				GCC_WARN_UNINITIALIZED_AUTOS = YES_AGGRESSIVE;
				GCC_WARN_UNUSED_FUNCTION = YES;
				GCC_WARN_UNUSED_VARIABLE = YES;
				IPHONEOS_DEPLOYMENT_TARGET = 11.2;
				MTL_ENABLE_DEBUG_INFO = YES;
				ONLY_ACTIVE_ARCH = YES;
				SDKROOT = iphoneos;
				SWIFT_ACTIVE_COMPILATION_CONDITIONS = DEBUG;
				SWIFT_OPTIMIZATION_LEVEL = "-Onone";
			};
			name = Debug;
		};
		65B2CCB6200D982000A47A06 /* Release */ = {
			isa = XCBuildConfiguration;
			buildSettings = {
				ALWAYS_SEARCH_USER_PATHS = NO;
				CLANG_ANALYZER_NONNULL = YES;
				CLANG_ANALYZER_NUMBER_OBJECT_CONVERSION = YES_AGGRESSIVE;
				CLANG_CXX_LANGUAGE_STANDARD = "gnu++14";
				CLANG_CXX_LIBRARY = "libc++";
				CLANG_ENABLE_MODULES = YES;
				CLANG_ENABLE_OBJC_ARC = YES;
				CLANG_WARN_BLOCK_CAPTURE_AUTORELEASING = YES;
				CLANG_WARN_BOOL_CONVERSION = YES;
				CLANG_WARN_COMMA = YES;
				CLANG_WARN_CONSTANT_CONVERSION = YES;
				CLANG_WARN_DIRECT_OBJC_ISA_USAGE = YES_ERROR;
				CLANG_WARN_DOCUMENTATION_COMMENTS = YES;
				CLANG_WARN_EMPTY_BODY = YES;
				CLANG_WARN_ENUM_CONVERSION = YES;
				CLANG_WARN_INFINITE_RECURSION = YES;
				CLANG_WARN_INT_CONVERSION = YES;
				CLANG_WARN_NON_LITERAL_NULL_CONVERSION = YES;
				CLANG_WARN_OBJC_LITERAL_CONVERSION = YES;
				CLANG_WARN_OBJC_ROOT_CLASS = YES_ERROR;
				CLANG_WARN_RANGE_LOOP_ANALYSIS = YES;
				CLANG_WARN_STRICT_PROTOTYPES = YES;
				CLANG_WARN_SUSPICIOUS_MOVE = YES;
				CLANG_WARN_UNGUARDED_AVAILABILITY = YES_AGGRESSIVE;
				CLANG_WARN_UNREACHABLE_CODE = YES;
				CLANG_WARN__DUPLICATE_METHOD_MATCH = YES;
				CODE_SIGN_IDENTITY = "iPhone Developer";
				COPY_PHASE_STRIP = NO;
				DEBUG_INFORMATION_FORMAT = "dwarf-with-dsym";
				ENABLE_NS_ASSERTIONS = NO;
				ENABLE_STRICT_OBJC_MSGSEND = YES;
				GCC_C_LANGUAGE_STANDARD = gnu11;
				GCC_NO_COMMON_BLOCKS = YES;
				GCC_WARN_64_TO_32_BIT_CONVERSION = YES;
				GCC_WARN_ABOUT_RETURN_TYPE = YES_ERROR;
				GCC_WARN_UNDECLARED_SELECTOR = YES;
				GCC_WARN_UNINITIALIZED_AUTOS = YES_AGGRESSIVE;
				GCC_WARN_UNUSED_FUNCTION = YES;
				GCC_WARN_UNUSED_VARIABLE = YES;
				IPHONEOS_DEPLOYMENT_TARGET = 11.2;
				MTL_ENABLE_DEBUG_INFO = NO;
				SDKROOT = iphoneos;
				SWIFT_OPTIMIZATION_LEVEL = "-Owholemodule";
				VALIDATE_PRODUCT = YES;
			};
			name = Release;
		};
		65B2CCB8200D982000A47A06 /* Debug */ = {
			isa = XCBuildConfiguration;
			buildSettings = {
				ASSETCATALOG_COMPILER_APPICON_NAME = AppIcon;
				CODE_SIGN_STYLE = Automatic;
				INFOPLIST_FILE = completeIt/Info.plist;
				LD_RUNPATH_SEARCH_PATHS = "$(inherited) @executable_path/Frameworks";
				PRODUCT_BUNDLE_IDENTIFIER = net.debner.completeIt;
				PRODUCT_NAME = "$(TARGET_NAME)";
				SWIFT_VERSION = 4.0;
				TARGETED_DEVICE_FAMILY = "1,2";
			};
			name = Debug;
		};
		65B2CCB9200D982000A47A06 /* Release */ = {
			isa = XCBuildConfiguration;
			buildSettings = {
				ASSETCATALOG_COMPILER_APPICON_NAME = AppIcon;
				CODE_SIGN_STYLE = Automatic;
				INFOPLIST_FILE = completeIt/Info.plist;
				LD_RUNPATH_SEARCH_PATHS = "$(inherited) @executable_path/Frameworks";
				PRODUCT_BUNDLE_IDENTIFIER = net.debner.completeIt;
				PRODUCT_NAME = "$(TARGET_NAME)";
				SWIFT_VERSION = 4.0;
				TARGETED_DEVICE_FAMILY = "1,2";
			};
			name = Release;
		};
/* End XCBuildConfiguration section */

/* Begin XCConfigurationList section */
		65B2CC9D200D982000A47A06 /* Build configuration list for PBXProject "completeIt" */ = {
			isa = XCConfigurationList;
			buildConfigurations = (
				65B2CCB5200D982000A47A06 /* Debug */,
				65B2CCB6200D982000A47A06 /* Release */,
			);
			defaultConfigurationIsVisible = 0;
			defaultConfigurationName = Release;
		};
		65B2CCB7200D982000A47A06 /* Build configuration list for PBXNativeTarget "completeIt" */ = {
			isa = XCConfigurationList;
			buildConfigurations = (
				65B2CCB8200D982000A47A06 /* Debug */,
				65B2CCB9200D982000A47A06 /* Release */,
			);
			defaultConfigurationIsVisible = 0;
			defaultConfigurationName = Release;
		};
/* End XCConfigurationList section */

/* Begin XCVersionGroup section */
		65B2CCAC200D982000A47A06 /* completeIt.xcdatamodeld */ = {
			isa = XCVersionGroup;
			children = (
				65B2CCAD200D982000A47A06 /* completeIt.xcdatamodel */,
			);
			currentVersion = 65B2CCAD200D982000A47A06 /* completeIt.xcdatamodel */;
			path = completeIt.xcdatamodeld;
			sourceTree = "<group>";
			versionGroupType = wrapper.xcdatamodel;
		};
/* End XCVersionGroup section */
	};
	rootObject = 65B2CC9A200D982000A47A06 /* Project object */;
}
